
Microsoft Visual Studio Solution File, Format Version 12.00
# Visual Studio Version 17
VisualStudioVersion = 17.11.35327.3
MinimumVisualStudioVersion = 10.0.40219.1
Project("{8BC9CEB8-8B4A-11D0-8D11-00A0C91BC942}") = "01_for_Demo.c", "01_for_Demo.c\01_for_Demo.c.vcxproj", "{D74B6E3D-4BB0-4840-9973-1070B3819C20}"
EndProject
Global
	GlobalSection(SolutionConfigurationPlatforms) = preSolution
		Debug|x64 = Debug|x64
		Debug|x86 = Debug|x86
		Release|x64 = Release|x64
		Release|x86 = Release|x86
	EndGlobalSection
	GlobalSection(ProjectConfigurationPlatforms) = postSolution
		{D74B6E3D-4BB0-4840-9973-1070B3819C20}.Debug|x64.ActiveCfg = Debug|x64
		{D74B6E3D-4BB0-4840-9973-1070B3819C20}.Debug|x64.Build.0 = Debug|x64
		{D74B6E3D-4BB0-4840-9973-1070B3819C20}.Debug|x86.ActiveCfg = Debug|Win32
		{D74B6E3D-4BB0-4840-9973-1070B3819C20}.Debug|x86.Build.0 = Debug|Win32
		{D74B6E3D-4BB0-4840-9973-1070B3819C20}.Release|x64.ActiveCfg = Release|x64
		{D74B6E3D-4BB0-4840-9973-1070B3819C20}.Release|x64.Build.0 = Release|x64
		{D74B6E3D-4BB0-4840-9973-1070B3819C20}.Release|x86.ActiveCfg = Release|Win32
		{D74B6E3D-4BB0-4840-9973-1070B3819C20}.Release|x86.Build.0 = Release|Win32
	EndGlobalSection
	GlobalSection(SolutionProperties) = preSolution
		HideSolutionNode = FALSE
	EndGlobalSection
	GlobalSection(ExtensibilityGlobals) = postSolution
		SolutionGuid = {69B4FD51-0466-48C5-8CCD-08D197280A17}
	EndGlobalSection
EndGlobal
