
Microsoft Visual Studio Solution File, Format Version 12.00
# Visual Studio Version 17
VisualStudioVersion = 17.11.35327.3
MinimumVisualStudioVersion = 10.0.40219.1
Project("{8BC9CEB8-8B4A-11D0-8D11-00A0C91BC942}") = "04_for_demo.c", "04_for_demo.c\04_for_demo.c.vcxproj", "{FE50701B-A736-4D88-A03D-1AC6050A6E88}"
EndProject
Global
	GlobalSection(SolutionConfigurationPlatforms) = preSolution
		Debug|x64 = Debug|x64
		Debug|x86 = Debug|x86
		Release|x64 = Release|x64
		Release|x86 = Release|x86
	EndGlobalSection
	GlobalSection(ProjectConfigurationPlatforms) = postSolution
		{FE50701B-A736-4D88-A03D-1AC6050A6E88}.Debug|x64.ActiveCfg = Debug|x64
		{FE50701B-A736-4D88-A03D-1AC6050A6E88}.Debug|x64.Build.0 = Debug|x64
		{FE50701B-A736-4D88-A03D-1AC6050A6E88}.Debug|x86.ActiveCfg = Debug|Win32
		{FE50701B-A736-4D88-A03D-1AC6050A6E88}.Debug|x86.Build.0 = Debug|Win32
		{FE50701B-A736-4D88-A03D-1AC6050A6E88}.Release|x64.ActiveCfg = Release|x64
		{FE50701B-A736-4D88-A03D-1AC6050A6E88}.Release|x64.Build.0 = Release|x64
		{FE50701B-A736-4D88-A03D-1AC6050A6E88}.Release|x86.ActiveCfg = Release|Win32
		{FE50701B-A736-4D88-A03D-1AC6050A6E88}.Release|x86.Build.0 = Release|Win32
	EndGlobalSection
	GlobalSection(SolutionProperties) = preSolution
		HideSolutionNode = FALSE
	EndGlobalSection
	GlobalSection(ExtensibilityGlobals) = postSolution
		SolutionGuid = {72FA52E2-05D6-4A67-BB76-117F4F867ACC}
	EndGlobalSection
EndGlobal
