
Microsoft Visual Studio Solution File, Format Version 12.00
# Visual Studio Version 17
VisualStudioVersion = 17.11.35327.3
MinimumVisualStudioVersion = 10.0.40219.1
Project("{8BC9CEB8-8B4A-11D0-8D11-00A0C91BC942}") = "07_text_demo.c", "07_text_demo.c\07_text_demo.c.vcxproj", "{F9360035-D10A-44F8-9C32-BAF0CF397952}"
EndProject
Global
	GlobalSection(SolutionConfigurationPlatforms) = preSolution
		Debug|x64 = Debug|x64
		Debug|x86 = Debug|x86
		Release|x64 = Release|x64
		Release|x86 = Release|x86
	EndGlobalSection
	GlobalSection(ProjectConfigurationPlatforms) = postSolution
		{F9360035-D10A-44F8-9C32-BAF0CF397952}.Debug|x64.ActiveCfg = Debug|x64
		{F9360035-D10A-44F8-9C32-BAF0CF397952}.Debug|x64.Build.0 = Debug|x64
		{F9360035-D10A-44F8-9C32-BAF0CF397952}.Debug|x86.ActiveCfg = Debug|Win32
		{F9360035-D10A-44F8-9C32-BAF0CF397952}.Debug|x86.Build.0 = Debug|Win32
		{F9360035-D10A-44F8-9C32-BAF0CF397952}.Release|x64.ActiveCfg = Release|x64
		{F9360035-D10A-44F8-9C32-BAF0CF397952}.Release|x64.Build.0 = Release|x64
		{F9360035-D10A-44F8-9C32-BAF0CF397952}.Release|x86.ActiveCfg = Release|Win32
		{F9360035-D10A-44F8-9C32-BAF0CF397952}.Release|x86.Build.0 = Release|Win32
	EndGlobalSection
	GlobalSection(SolutionProperties) = preSolution
		HideSolutionNode = FALSE
	EndGlobalSection
	GlobalSection(ExtensibilityGlobals) = postSolution
		SolutionGuid = {198FD3B5-B8E0-4157-81A8-B81B5F6E39F1}
	EndGlobalSection
EndGlobal
